
Microsoft Visual Studio Solution File, Format Version 12.00
# Visual Studio Version 16
VisualStudioVersion = 25.0.1705.1
MinimumVisualStudioVersion = 10.0.40219.1
Project("{FAE04EC0-301F-11D3-BF4B-00C04F79EFBC}") = "BattleshipLiteLibrary", "BattleshipLiteLibrary\BattleshipLiteLibrary.csproj", "{B8BC90D5-C3DD-442E-9FEB-72C2DFE3E737}"
EndProject
Project("{FAE04EC0-301F-11D3-BF4B-00C04F79EFBC}") = "BattleshipLite", "BattleshipLite\BattleshipLite.csproj", "{2EEF6F83-56EC-4217-BBC3-FA242C69FABF}"
EndProject
Global
	GlobalSection(SolutionConfigurationPlatforms) = preSolution
		Debug|Any CPU = Debug|Any CPU
		Release|Any CPU = Release|Any CPU
	EndGlobalSection
	GlobalSection(ProjectConfigurationPlatforms) = postSolution
		{B8BC90D5-C3DD-442E-9FEB-72C2DFE3E737}.Debug|Any CPU.ActiveCfg = Debug|Any CPU
		{B8BC90D5-C3DD-442E-9FEB-72C2DFE3E737}.Debug|Any CPU.Build.0 = Debug|Any CPU
		{B8BC90D5-C3DD-442E-9FEB-72C2DFE3E737}.Release|Any CPU.ActiveCfg = Release|Any CPU
		{B8BC90D5-C3DD-442E-9FEB-72C2DFE3E737}.Release|Any CPU.Build.0 = Release|Any CPU
		{2EEF6F83-56EC-4217-BBC3-FA242C69FABF}.Debug|Any CPU.ActiveCfg = Debug|Any CPU
		{2EEF6F83-56EC-4217-BBC3-FA242C69FABF}.Debug|Any CPU.Build.0 = Debug|Any CPU
		{2EEF6F83-56EC-4217-BBC3-FA242C69FABF}.Release|Any CPU.ActiveCfg = Release|Any CPU
		{2EEF6F83-56EC-4217-BBC3-FA242C69FABF}.Release|Any CPU.Build.0 = Release|Any CPU
	EndGlobalSection
	GlobalSection(SolutionProperties) = preSolution
		HideSolutionNode = FALSE
	EndGlobalSection
	GlobalSection(ExtensibilityGlobals) = postSolution
		SolutionGuid = {8C947323-232A-4B28-BC1D-BC7D3444B71A}
	EndGlobalSection
EndGlobal
